{
  "name": "FloatingExamples",
  "lockfileVersion": 3,
  "requires": true,
  "packages": {
    "": {
      "dependencies": {
        "codespaces": "^0.1.3"
      }
    },
    "node_modules/codespaces": {
      "version": "0.1.3",
      "resolved": "https://registry.npmjs.org/codespaces/-/codespaces-0.1.3.tgz",
      "integrity": "sha512-c2+5Y465yaQzb27/EdHVEAMkqC1HFcSyPvWsovdlsMDPGRA9cH1eoXKE+vzDo1jLiMOeitrzxH/AGYGPiaICTA=="
    }
  }
}
